
Microsoft Visual Studio Solution File, Format Version 12.00
# Visual Studio Version 16
VisualStudioVersion = 16.0.30503.244
MinimumVisualStudioVersion = 10.0.40219.1
Project("{FAE04EC0-301F-11D3-BF4B-00C04F79EFBC}") = "MathFunction", "MathFunction\MathFunction.csproj", "{845D7F7A-5016-49F7-B9E4-5919B5976941}"
EndProject
Global
	GlobalSection(SolutionConfigurationPlatforms) = preSolution
		Debug|Any CPU = Debug|Any CPU
		Release|Any CPU = Release|Any CPU
	EndGlobalSection
	GlobalSection(ProjectConfigurationPlatforms) = postSolution
		{845D7F7A-5016-49F7-B9E4-5919B5976941}.Debug|Any CPU.ActiveCfg = Debug|Any CPU
		{845D7F7A-5016-49F7-B9E4-5919B5976941}.Debug|Any CPU.Build.0 = Debug|Any CPU
		{845D7F7A-5016-49F7-B9E4-5919B5976941}.Release|Any CPU.ActiveCfg = Release|Any CPU
		{845D7F7A-5016-49F7-B9E4-5919B5976941}.Release|Any CPU.Build.0 = Release|Any CPU
	EndGlobalSection
	GlobalSection(SolutionProperties) = preSolution
		HideSolutionNode = FALSE
	EndGlobalSection
	GlobalSection(ExtensibilityGlobals) = postSolution
		SolutionGuid = {6EEF69F7-9FDA-40F3-979C-1B8AD0654DBC}
	EndGlobalSection
EndGlobal
