
Microsoft Visual Studio Solution File, Format Version 12.00
# Visual Studio Version 16
VisualStudioVersion = 16.0.30503.244
MinimumVisualStudioVersion = 10.0.40219.1
Project("{FAE04EC0-301F-11D3-BF4B-00C04F79EFBC}") = "Method-Function", "Method-Function\Method-Function.csproj", "{B723C0F9-2F87-43C5-8F1E-B63251CBB895}"
EndProject
Global
	GlobalSection(SolutionConfigurationPlatforms) = preSolution
		Debug|Any CPU = Debug|Any CPU
		Release|Any CPU = Release|Any CPU
	EndGlobalSection
	GlobalSection(ProjectConfigurationPlatforms) = postSolution
		{B723C0F9-2F87-43C5-8F1E-B63251CBB895}.Debug|Any CPU.ActiveCfg = Debug|Any CPU
		{B723C0F9-2F87-43C5-8F1E-B63251CBB895}.Debug|Any CPU.Build.0 = Debug|Any CPU
		{B723C0F9-2F87-43C5-8F1E-B63251CBB895}.Release|Any CPU.ActiveCfg = Release|Any CPU
		{B723C0F9-2F87-43C5-8F1E-B63251CBB895}.Release|Any CPU.Build.0 = Release|Any CPU
	EndGlobalSection
	GlobalSection(SolutionProperties) = preSolution
		HideSolutionNode = FALSE
	EndGlobalSection
	GlobalSection(ExtensibilityGlobals) = postSolution
		SolutionGuid = {9C9DE065-2598-4A7D-8276-5D0F3FFAEA5C}
	EndGlobalSection
EndGlobal
